
Microsoft Visual Studio Solution File, Format Version 12.00
# Visual Studio Version 17
VisualStudioVersion = 17.9.34728.123
MinimumVisualStudioVersion = 10.0.40219.1
Project("{2150E333-8FDC-42A3-9474-1A3956D46DE8}") = "src", "src", "{D7ADE95F-0039-40E4-99A1-9F1F94BF9960}"
EndProject
Project("{2150E333-8FDC-42A3-9474-1A3956D46DE8}") = "Core", "Core", "{17CAD04C-2E06-4D4A-B5C3-B05F2D9AAC4A}"
EndProject
Project("{FAE04EC0-301F-11D3-BF4B-00C04F79EFBC}") = "OnionApp.Domain", "src\Core\OnionApp.Domain\OnionApp.Domain.csproj", "{EAAD97DF-7571-4F48-A174-D1BCA565D973}"
EndProject
Project("{FAE04EC0-301F-11D3-BF4B-00C04F79EFBC}") = "OnionApp.Application", "src\Core\OnionApp.Application\OnionApp.Application.csproj", "{5DA2A94A-5186-401B-9D6D-47AAE66534D8}"
EndProject
Global
	GlobalSection(SolutionConfigurationPlatforms) = preSolution
		Debug|Any CPU = Debug|Any CPU
		Release|Any CPU = Release|Any CPU
	EndGlobalSection
	GlobalSection(ProjectConfigurationPlatforms) = postSolution
		{EAAD97DF-7571-4F48-A174-D1BCA565D973}.Debug|Any CPU.ActiveCfg = Debug|Any CPU
		{EAAD97DF-7571-4F48-A174-D1BCA565D973}.Debug|Any CPU.Build.0 = Debug|Any CPU
		{EAAD97DF-7571-4F48-A174-D1BCA565D973}.Release|Any CPU.ActiveCfg = Release|Any CPU
		{EAAD97DF-7571-4F48-A174-D1BCA565D973}.Release|Any CPU.Build.0 = Release|Any CPU
		{5DA2A94A-5186-401B-9D6D-47AAE66534D8}.Debug|Any CPU.ActiveCfg = Debug|Any CPU
		{5DA2A94A-5186-401B-9D6D-47AAE66534D8}.Debug|Any CPU.Build.0 = Debug|Any CPU
		{5DA2A94A-5186-401B-9D6D-47AAE66534D8}.Release|Any CPU.ActiveCfg = Release|Any CPU
		{5DA2A94A-5186-401B-9D6D-47AAE66534D8}.Release|Any CPU.Build.0 = Release|Any CPU
	EndGlobalSection
	GlobalSection(SolutionProperties) = preSolution
		HideSolutionNode = FALSE
	EndGlobalSection
	GlobalSection(NestedProjects) = preSolution
		{17CAD04C-2E06-4D4A-B5C3-B05F2D9AAC4A} = {D7ADE95F-0039-40E4-99A1-9F1F94BF9960}
		{EAAD97DF-7571-4F48-A174-D1BCA565D973} = {17CAD04C-2E06-4D4A-B5C3-B05F2D9AAC4A}
		{5DA2A94A-5186-401B-9D6D-47AAE66534D8} = {17CAD04C-2E06-4D4A-B5C3-B05F2D9AAC4A}
	EndGlobalSection
	GlobalSection(ExtensibilityGlobals) = postSolution
		SolutionGuid = {5AA41B1D-D507-4003-8F85-9EC829C83BE3}
	EndGlobalSection
EndGlobal
